
Microsoft Visual Studio Solution File, Format Version 12.00
# Visual Studio Version 16
VisualStudioVersion = 16.0.30406.217
MinimumVisualStudioVersion = 10.0.40219.1
Project("{2150E333-8FDC-42A3-9474-1A3956D46DE8}") = "100. Creational Patterns", "100. Creational Patterns", "{1DAD05BB-0431-43B5-B1F5-C538EA17CD9B}"
EndProject
Project("{2150E333-8FDC-42A3-9474-1A3956D46DE8}") = "200. Structural Patterns", "200. Structural Patterns", "{03C87BD6-B4CF-4479-A6C5-DF603528EE4F}"
EndProject
Project("{2150E333-8FDC-42A3-9474-1A3956D46DE8}") = "300. Behavioral Patterns", "300. Behavioral Patterns", "{AFDEC25B-99B8-4C84-B5AA-90CEAFB57749}"
EndProject
Project("{2150E333-8FDC-42A3-9474-1A3956D46DE8}") = "101. Abstract Factory", "101. Abstract Factory", "{BB74B314-D60B-4C99-9E93-AC61CF582B77}"
EndProject
Project("{2150E333-8FDC-42A3-9474-1A3956D46DE8}") = "102. Builder", "102. Builder", "{304EF24F-1878-4BCB-BFA5-8C11D944AC66}"
EndProject
Project("{2150E333-8FDC-42A3-9474-1A3956D46DE8}") = "103. Factory Method", "103. Factory Method", "{3957B42C-5468-4C81-B6EA-8B82A493C3F9}"
EndProject
Project("{2150E333-8FDC-42A3-9474-1A3956D46DE8}") = "104. Prototype", "104. Prototype", "{B3477F90-4712-4341-8A76-CA489E71203B}"
EndProject
Project("{2150E333-8FDC-42A3-9474-1A3956D46DE8}") = "105. Singleton", "105. Singleton", "{E40B8685-44C0-4CFA-8A18-F0287D628AA8}"
EndProject
Project("{2150E333-8FDC-42A3-9474-1A3956D46DE8}") = "201. Adapter", "201. Adapter", "{4399A178-52DC-481D-B931-8C84A048AA52}"
EndProject
Project("{2150E333-8FDC-42A3-9474-1A3956D46DE8}") = "202. Bridge", "202. Bridge", "{68874A80-6054-439F-AE41-0E3D90B70F53}"
EndProject
Project("{2150E333-8FDC-42A3-9474-1A3956D46DE8}") = "203. Composite", "203. Composite", "{EE9D5A46-33BD-4751-BC64-D846AF306B28}"
EndProject
Project("{2150E333-8FDC-42A3-9474-1A3956D46DE8}") = "204. Decorator", "204. Decorator", "{9A523A02-59EC-453F-8D90-4AA15207AC6F}"
EndProject
Project("{2150E333-8FDC-42A3-9474-1A3956D46DE8}") = "205. Facade", "205. Facade", "{6F42533B-CCE0-41B6-A9DA-A218F394C9A6}"
EndProject
Project("{2150E333-8FDC-42A3-9474-1A3956D46DE8}") = "206. Flyweight", "206. Flyweight", "{9F8C2846-0593-487A-8D98-33E28AC1C687}"
EndProject
Project("{2150E333-8FDC-42A3-9474-1A3956D46DE8}") = "207. Proxy", "207. Proxy", "{9C49878E-3D14-4AD1-84CF-0B9264437FE5}"
EndProject
Project("{2150E333-8FDC-42A3-9474-1A3956D46DE8}") = "301. Chain of Resp", "301. Chain of Resp", "{A8D785F1-5199-4E3C-BD55-34837A4A9294}"
EndProject
Project("{2150E333-8FDC-42A3-9474-1A3956D46DE8}") = "302. Command", "302. Command", "{F32AD539-3BEC-441F-8F23-4694349AA62D}"
EndProject
Project("{2150E333-8FDC-42A3-9474-1A3956D46DE8}") = "303. Interpreter", "303. Interpreter", "{56CE3077-24A6-4AEA-83C8-40CA7BE5A414}"
EndProject
Project("{2150E333-8FDC-42A3-9474-1A3956D46DE8}") = "304. Iterator", "304. Iterator", "{B731174A-2114-430F-B587-9E42946887C3}"
EndProject
Project("{2150E333-8FDC-42A3-9474-1A3956D46DE8}") = "305. Mediator", "305. Mediator", "{9186465E-52DC-41EA-9584-28245D2546BC}"
EndProject
Project("{2150E333-8FDC-42A3-9474-1A3956D46DE8}") = "306. Memento", "306. Memento", "{BC6DFE76-30DC-49AA-8C46-5D1785FEAD04}"
EndProject
Project("{2150E333-8FDC-42A3-9474-1A3956D46DE8}") = "307. Observer", "307. Observer", "{1FFAB8FE-9441-46FD-8845-A3E42B3B1342}"
EndProject
Project("{2150E333-8FDC-42A3-9474-1A3956D46DE8}") = "308. State", "308. State", "{C33D6A98-555A-4E7D-BD33-280A4B27D135}"
EndProject
Project("{2150E333-8FDC-42A3-9474-1A3956D46DE8}") = "309. Strategy", "309. Strategy", "{5269DEDA-F918-44DC-BEE4-773060CA0B93}"
EndProject
Project("{2150E333-8FDC-42A3-9474-1A3956D46DE8}") = "310. Template Method", "310. Template Method", "{06EC4F59-BB2D-47D3-BC77-1426D32147D6}"
EndProject
Project("{2150E333-8FDC-42A3-9474-1A3956D46DE8}") = "311. Visitor", "311. Visitor", "{BB3A2E6A-D83D-4140-A7E1-825B0BE864E9}"
EndProject
Project("{9A19103F-16F7-4668-BE54-9A1E7A4F7556}") = "Command", "src\Behavioral Patterns\Command\Command.csproj", "{D1DB0446-5EB1-4796-BAC9-AF7FB1648C82}"
EndProject
Project("{FAE04EC0-301F-11D3-BF4B-00C04F79EFBC}") = "ChainOfResp", "src\Behavioral Patterns\ChainOfResp\ChainOfResp.csproj", "{8D391D79-225D-4E8B-B3A4-07D1628F1013}"
EndProject
Project("{FAE04EC0-301F-11D3-BF4B-00C04F79EFBC}") = "ChainOfResp.Tests", "src\Behavioral Patterns\ChainOfResp.Tests\ChainOfResp.Tests.csproj", "{5B168680-8E89-4044-84DF-4227A3A348B9}"
EndProject
Project("{FAE04EC0-301F-11D3-BF4B-00C04F79EFBC}") = "Command.Tests", "src\Behavioral Patterns\Command.Tests\Command.Tests.csproj", "{5489E2EB-CE04-4FC0-AA58-BBB4B7D7F3C7}"
EndProject
Global
	GlobalSection(SolutionConfigurationPlatforms) = preSolution
		Debug|Any CPU = Debug|Any CPU
		Release|Any CPU = Release|Any CPU
	EndGlobalSection
	GlobalSection(ProjectConfigurationPlatforms) = postSolution
		{D1DB0446-5EB1-4796-BAC9-AF7FB1648C82}.Debug|Any CPU.ActiveCfg = Debug|Any CPU
		{D1DB0446-5EB1-4796-BAC9-AF7FB1648C82}.Debug|Any CPU.Build.0 = Debug|Any CPU
		{D1DB0446-5EB1-4796-BAC9-AF7FB1648C82}.Release|Any CPU.ActiveCfg = Release|Any CPU
		{D1DB0446-5EB1-4796-BAC9-AF7FB1648C82}.Release|Any CPU.Build.0 = Release|Any CPU
		{8D391D79-225D-4E8B-B3A4-07D1628F1013}.Debug|Any CPU.ActiveCfg = Debug|Any CPU
		{8D391D79-225D-4E8B-B3A4-07D1628F1013}.Debug|Any CPU.Build.0 = Debug|Any CPU
		{8D391D79-225D-4E8B-B3A4-07D1628F1013}.Release|Any CPU.ActiveCfg = Release|Any CPU
		{8D391D79-225D-4E8B-B3A4-07D1628F1013}.Release|Any CPU.Build.0 = Release|Any CPU
		{5B168680-8E89-4044-84DF-4227A3A348B9}.Debug|Any CPU.ActiveCfg = Debug|Any CPU
		{5B168680-8E89-4044-84DF-4227A3A348B9}.Debug|Any CPU.Build.0 = Debug|Any CPU
		{5B168680-8E89-4044-84DF-4227A3A348B9}.Release|Any CPU.ActiveCfg = Release|Any CPU
		{5B168680-8E89-4044-84DF-4227A3A348B9}.Release|Any CPU.Build.0 = Release|Any CPU
		{5489E2EB-CE04-4FC0-AA58-BBB4B7D7F3C7}.Debug|Any CPU.ActiveCfg = Debug|Any CPU
		{5489E2EB-CE04-4FC0-AA58-BBB4B7D7F3C7}.Debug|Any CPU.Build.0 = Debug|Any CPU
		{5489E2EB-CE04-4FC0-AA58-BBB4B7D7F3C7}.Release|Any CPU.ActiveCfg = Release|Any CPU
		{5489E2EB-CE04-4FC0-AA58-BBB4B7D7F3C7}.Release|Any CPU.Build.0 = Release|Any CPU
	EndGlobalSection
	GlobalSection(SolutionProperties) = preSolution
		HideSolutionNode = FALSE
	EndGlobalSection
	GlobalSection(NestedProjects) = preSolution
		{BB74B314-D60B-4C99-9E93-AC61CF582B77} = {1DAD05BB-0431-43B5-B1F5-C538EA17CD9B}
		{304EF24F-1878-4BCB-BFA5-8C11D944AC66} = {1DAD05BB-0431-43B5-B1F5-C538EA17CD9B}
		{3957B42C-5468-4C81-B6EA-8B82A493C3F9} = {1DAD05BB-0431-43B5-B1F5-C538EA17CD9B}
		{B3477F90-4712-4341-8A76-CA489E71203B} = {1DAD05BB-0431-43B5-B1F5-C538EA17CD9B}
		{E40B8685-44C0-4CFA-8A18-F0287D628AA8} = {1DAD05BB-0431-43B5-B1F5-C538EA17CD9B}
		{4399A178-52DC-481D-B931-8C84A048AA52} = {03C87BD6-B4CF-4479-A6C5-DF603528EE4F}
		{68874A80-6054-439F-AE41-0E3D90B70F53} = {03C87BD6-B4CF-4479-A6C5-DF603528EE4F}
		{EE9D5A46-33BD-4751-BC64-D846AF306B28} = {03C87BD6-B4CF-4479-A6C5-DF603528EE4F}
		{9A523A02-59EC-453F-8D90-4AA15207AC6F} = {03C87BD6-B4CF-4479-A6C5-DF603528EE4F}
		{6F42533B-CCE0-41B6-A9DA-A218F394C9A6} = {03C87BD6-B4CF-4479-A6C5-DF603528EE4F}
		{9F8C2846-0593-487A-8D98-33E28AC1C687} = {03C87BD6-B4CF-4479-A6C5-DF603528EE4F}
		{9C49878E-3D14-4AD1-84CF-0B9264437FE5} = {03C87BD6-B4CF-4479-A6C5-DF603528EE4F}
		{A8D785F1-5199-4E3C-BD55-34837A4A9294} = {AFDEC25B-99B8-4C84-B5AA-90CEAFB57749}
		{F32AD539-3BEC-441F-8F23-4694349AA62D} = {AFDEC25B-99B8-4C84-B5AA-90CEAFB57749}
		{56CE3077-24A6-4AEA-83C8-40CA7BE5A414} = {AFDEC25B-99B8-4C84-B5AA-90CEAFB57749}
		{B731174A-2114-430F-B587-9E42946887C3} = {AFDEC25B-99B8-4C84-B5AA-90CEAFB57749}
		{9186465E-52DC-41EA-9584-28245D2546BC} = {AFDEC25B-99B8-4C84-B5AA-90CEAFB57749}
		{BC6DFE76-30DC-49AA-8C46-5D1785FEAD04} = {AFDEC25B-99B8-4C84-B5AA-90CEAFB57749}
		{1FFAB8FE-9441-46FD-8845-A3E42B3B1342} = {AFDEC25B-99B8-4C84-B5AA-90CEAFB57749}
		{C33D6A98-555A-4E7D-BD33-280A4B27D135} = {AFDEC25B-99B8-4C84-B5AA-90CEAFB57749}
		{5269DEDA-F918-44DC-BEE4-773060CA0B93} = {AFDEC25B-99B8-4C84-B5AA-90CEAFB57749}
		{06EC4F59-BB2D-47D3-BC77-1426D32147D6} = {AFDEC25B-99B8-4C84-B5AA-90CEAFB57749}
		{BB3A2E6A-D83D-4140-A7E1-825B0BE864E9} = {AFDEC25B-99B8-4C84-B5AA-90CEAFB57749}
		{D1DB0446-5EB1-4796-BAC9-AF7FB1648C82} = {F32AD539-3BEC-441F-8F23-4694349AA62D}
		{8D391D79-225D-4E8B-B3A4-07D1628F1013} = {A8D785F1-5199-4E3C-BD55-34837A4A9294}
		{5B168680-8E89-4044-84DF-4227A3A348B9} = {A8D785F1-5199-4E3C-BD55-34837A4A9294}
		{5489E2EB-CE04-4FC0-AA58-BBB4B7D7F3C7} = {F32AD539-3BEC-441F-8F23-4694349AA62D}
	EndGlobalSection
	GlobalSection(ExtensibilityGlobals) = postSolution
		SolutionGuid = {CC90F409-119F-4AAA-98B1-5936634AF44C}
	EndGlobalSection
EndGlobal
